// !$*UTF8*$!
{
	archiveVersion = 1;
	classes = {
	};
	objectVersion = 50;
	objects = {

/* Begin PBXBuildFile section */
		8C2C8C7A2414738400D7E026 /* SignUpController.swift in Sources */ = {isa = PBXBuildFile; fileRef = 8C2C8C792414738400D7E026 /* SignUpController.swift */; };
		8C55D113240B0DE3002B9A39 /* AppDelegate.swift in Sources */ = {isa = PBXBuildFile; fileRef = 8C55D112240B0DE3002B9A39 /* AppDelegate.swift */; };
		8C55D115240B0DE3002B9A39 /* SceneDelegate.swift in Sources */ = {isa = PBXBuildFile; fileRef = 8C55D114240B0DE3002B9A39 /* SceneDelegate.swift */; };
		8C55D11A240B0DE3002B9A39 /* Main.storyboard in Resources */ = {isa = PBXBuildFile; fileRef = 8C55D118240B0DE3002B9A39 /* Main.storyboard */; };
		8C55D11C240B0DE4002B9A39 /* Assets.xcassets in Resources */ = {isa = PBXBuildFile; fileRef = 8C55D11B240B0DE4002B9A39 /* Assets.xcassets */; };
		8C55D11F240B0DE4002B9A39 /* LaunchScreen.storyboard in Resources */ = {isa = PBXBuildFile; fileRef = 8C55D11D240B0DE4002B9A39 /* LaunchScreen.storyboard */; };
		8C9EE90E240B125B0083612D /* LoginController.swift in Sources */ = {isa = PBXBuildFile; fileRef = 8C9EE90D240B125B0083612D /* LoginController.swift */; };
		8C9EE910240B1BBE0083612D /* Extensions.swift in Sources */ = {isa = PBXBuildFile; fileRef = 8C9EE90F240B1BBE0083612D /* Extensions.swift */; };
		8CE02FAE2417A254006E8A5C /* AuthButton.swift in Sources */ = {isa = PBXBuildFile; fileRef = 8CE02FAD2417A254006E8A5C /* AuthButton.swift */; };
/* End PBXBuildFile section */

/* Begin PBXFileReference section */
		8C2C8C792414738400D7E026 /* SignUpController.swift */ = {isa = PBXFileReference; lastKnownFileType = sourcecode.swift; path = SignUpController.swift; sourceTree = "<group>"; };
		8C55D10F240B0DE3002B9A39 /* UberClone.app */ = {isa = PBXFileReference; explicitFileType = wrapper.application; includeInIndex = 0; path = UberClone.app; sourceTree = BUILT_PRODUCTS_DIR; };
		8C55D112240B0DE3002B9A39 /* AppDelegate.swift */ = {isa = PBXFileReference; lastKnownFileType = sourcecode.swift; path = AppDelegate.swift; sourceTree = "<group>"; };
		8C55D114240B0DE3002B9A39 /* SceneDelegate.swift */ = {isa = PBXFileReference; lastKnownFileType = sourcecode.swift; path = SceneDelegate.swift; sourceTree = "<group>"; };
		8C55D119240B0DE3002B9A39 /* Base */ = {isa = PBXFileReference; lastKnownFileType = file.storyboard; name = Base; path = Base.lproj/Main.storyboard; sourceTree = "<group>"; };
		8C55D11B240B0DE4002B9A39 /* Assets.xcassets */ = {isa = PBXFileReference; lastKnownFileType = folder.assetcatalog; path = Assets.xcassets; sourceTree = "<group>"; };
		8C55D11E240B0DE4002B9A39 /* Base */ = {isa = PBXFileReference; lastKnownFileType = file.storyboard; name = Base; path = Base.lproj/LaunchScreen.storyboard; sourceTree = "<group>"; };
		8C55D120240B0DE4002B9A39 /* Info.plist */ = {isa = PBXFileReference; lastKnownFileType = text.plist.xml; path = Info.plist; sourceTree = "<group>"; };
		8C9EE90D240B125B0083612D /* LoginController.swift */ = {isa = PBXFileReference; lastKnownFileType = sourcecode.swift; path = LoginController.swift; sourceTree = "<group>"; };
		8C9EE90F240B1BBE0083612D /* Extensions.swift */ = {isa = PBXFileReference; lastKnownFileType = sourcecode.swift; path = Extensions.swift; sourceTree = "<group>"; };
		8CE02FAD2417A254006E8A5C /* AuthButton.swift */ = {isa = PBXFileReference; lastKnownFileType = sourcecode.swift; path = AuthButton.swift; sourceTree = "<group>"; };
/* End PBXFileReference section */

/* Begin PBXFrameworksBuildPhase section */
		8C55D10C240B0DE3002B9A39 /* Frameworks */ = {
			isa = PBXFrameworksBuildPhase;
			buildActionMask = 2147483647;
			files = (
			);
			runOnlyForDeploymentPostprocessing = 0;
		};
/* End PBXFrameworksBuildPhase section */

/* Begin PBXGroup section */
		8C55D106240B0DE3002B9A39 = {
			isa = PBXGroup;
			children = (
				8C55D111240B0DE3002B9A39 /* UberClone */,
				8C55D110240B0DE3002B9A39 /* Products */,
			);
			sourceTree = "<group>";
		};
		8C55D110240B0DE3002B9A39 /* Products */ = {
			isa = PBXGroup;
			children = (
				8C55D10F240B0DE3002B9A39 /* UberClone.app */,
			);
			name = Products;
			sourceTree = "<group>";
		};
		8C55D111240B0DE3002B9A39 /* UberClone */ = {
			isa = PBXGroup;
			children = (
				8C9EE904240B0FC60083612D /* Model */,
				8C9EE90A240B10040083612D /* View */,
				8C9EE909240B10020083612D /* Controller */,
				8C9EE90B240B101F0083612D /* Service */,
				8C9EE90C240B10290083612D /* Utilities */,
				8C55D112240B0DE3002B9A39 /* AppDelegate.swift */,
				8C55D114240B0DE3002B9A39 /* SceneDelegate.swift */,
				8C55D118240B0DE3002B9A39 /* Main.storyboard */,
				8C55D11B240B0DE4002B9A39 /* Assets.xcassets */,
				8C55D11D240B0DE4002B9A39 /* LaunchScreen.storyboard */,
				8C55D120240B0DE4002B9A39 /* Info.plist */,
			);
			path = UberClone;
			sourceTree = "<group>";
		};
		8C9EE904240B0FC60083612D /* Model */ = {
			isa = PBXGroup;
			children = (
			);
			path = Model;
			sourceTree = "<group>";
		};
		8C9EE909240B10020083612D /* Controller */ = {
			isa = PBXGroup;
			children = (
				8C9EE90D240B125B0083612D /* LoginController.swift */,
				8C2C8C792414738400D7E026 /* SignUpController.swift */,
			);
			path = Controller;
			sourceTree = "<group>";
		};
		8C9EE90A240B10040083612D /* View */ = {
			isa = PBXGroup;
			children = (
				8CE02FAD2417A254006E8A5C /* AuthButton.swift */,
			);
			path = View;
			sourceTree = "<group>";
		};
		8C9EE90B240B101F0083612D /* Service */ = {
			isa = PBXGroup;
			children = (
			);
			path = Service;
			sourceTree = "<group>";
		};
		8C9EE90C240B10290083612D /* Utilities */ = {
			isa = PBXGroup;
			children = (
				8C9EE90F240B1BBE0083612D /* Extensions.swift */,
			);
			path = Utilities;
			sourceTree = "<group>";
		};
/* End PBXGroup section */

/* Begin PBXNativeTarget section */
		8C55D10E240B0DE3002B9A39 /* UberClone */ = {
			isa = PBXNativeTarget;
			buildConfigurationList = 8C55D123240B0DE4002B9A39 /* Build configuration list for PBXNativeTarget "UberClone" */;
			buildPhases = (
				8C55D10B240B0DE3002B9A39 /* Sources */,
				8C55D10C240B0DE3002B9A39 /* Frameworks */,
				8C55D10D240B0DE3002B9A39 /* Resources */,
			);
			buildRules = (
			);
			dependencies = (
			);
			name = UberClone;
			productName = UberClone;
			productReference = 8C55D10F240B0DE3002B9A39 /* UberClone.app */;
			productType = "com.apple.product-type.application";
		};
/* End PBXNativeTarget section */

/* Begin PBXProject section */
		8C55D107240B0DE3002B9A39 /* Project object */ = {
			isa = PBXProject;
			attributes = {
				LastSwiftUpdateCheck = 1130;
				LastUpgradeCheck = 1130;
				ORGANIZATIONNAME = "Daniel Garofalo";
				TargetAttributes = {
					8C55D10E240B0DE3002B9A39 = {
						CreatedOnToolsVersion = 11.3.1;
					};
				};
			};
			buildConfigurationList = 8C55D10A240B0DE3002B9A39 /* Build configuration list for PBXProject "UberClone" */;
			compatibilityVersion = "Xcode 9.3";
			developmentRegion = en;
			hasScannedForEncodings = 0;
			knownRegions = (
				en,
				Base,
			);
			mainGroup = 8C55D106240B0DE3002B9A39;
			productRefGroup = 8C55D110240B0DE3002B9A39 /* Products */;
			projectDirPath = "";
			projectRoot = "";
			targets = (
				8C55D10E240B0DE3002B9A39 /* UberClone */,
			);
		};
/* End PBXProject section */

/* Begin PBXResourcesBuildPhase section */
		8C55D10D240B0DE3002B9A39 /* Resources */ = {
			isa = PBXResourcesBuildPhase;
			buildActionMask = 2147483647;
			files = (
				8C55D11F240B0DE4002B9A39 /* LaunchScreen.storyboard in Resources */,
				8C55D11C240B0DE4002B9A39 /* Assets.xcassets in Resources */,
				8C55D11A240B0DE3002B9A39 /* Main.storyboard in Resources */,
			);
			runOnlyForDeploymentPostprocessing = 0;
		};
/* End PBXResourcesBuildPhase section */

/* Begin PBXSourcesBuildPhase section */
		8C55D10B240B0DE3002B9A39 /* Sources */ = {
			isa = PBXSourcesBuildPhase;
			buildActionMask = 2147483647;
			files = (
				8C2C8C7A2414738400D7E026 /* SignUpController.swift in Sources */,
				8CE02FAE2417A254006E8A5C /* AuthButton.swift in Sources */,
				8C55D113240B0DE3002B9A39 /* AppDelegate.swift in Sources */,
				8C9EE90E240B125B0083612D /* LoginController.swift in Sources */,
				8C55D115240B0DE3002B9A39 /* SceneDelegate.swift in Sources */,
				8C9EE910240B1BBE0083612D /* Extensions.swift in Sources */,
			);
			runOnlyForDeploymentPostprocessing = 0;
		};
/* End PBXSourcesBuildPhase section */

/* Begin PBXVariantGroup section */
		8C55D118240B0DE3002B9A39 /* Main.storyboard */ = {
			isa = PBXVariantGroup;
			children = (
				8C55D119240B0DE3002B9A39 /* Base */,
			);
			name = Main.storyboard;
			sourceTree = "<group>";
		};
		8C55D11D240B0DE4002B9A39 /* LaunchScreen.storyboard */ = {
			isa = PBXVariantGroup;
			children = (
				8C55D11E240B0DE4002B9A39 /* Base */,
			);
			name = LaunchScreen.storyboard;
			sourceTree = "<group>";
		};
/* End PBXVariantGroup section */

/* Begin XCBuildConfiguration section */
		8C55D121240B0DE4002B9A39 /* Debug */ = {
			isa = XCBuildConfiguration;
			buildSettings = {
				ALWAYS_SEARCH_USER_PATHS = NO;
				CLANG_ANALYZER_NONNULL = YES;
				CLANG_ANALYZER_NUMBER_OBJECT_CONVERSION = YES_AGGRESSIVE;
				CLANG_CXX_LANGUAGE_STANDARD = "gnu++14";
				CLANG_CXX_LIBRARY = "libc++";
				CLANG_ENABLE_MODULES = YES;
				CLANG_ENABLE_OBJC_ARC = YES;
				CLANG_ENABLE_OBJC_WEAK = YES;
				CLANG_WARN_BLOCK_CAPTURE_AUTORELEASING = YES;
				CLANG_WARN_BOOL_CONVERSION = YES;
				CLANG_WARN_COMMA = YES;
				CLANG_WARN_CONSTANT_CONVERSION = YES;
				CLANG_WARN_DEPRECATED_OBJC_IMPLEMENTATIONS = YES;
				CLANG_WARN_DIRECT_OBJC_ISA_USAGE = YES_ERROR;
				CLANG_WARN_DOCUMENTATION_COMMENTS = YES;
				CLANG_WARN_EMPTY_BODY = YES;
				CLANG_WARN_ENUM_CONVERSION = YES;
				CLANG_WARN_INFINITE_RECURSION = YES;
				CLANG_WARN_INT_CONVERSION = YES;
				CLANG_WARN_NON_LITERAL_NULL_CONVERSION = YES;
				CLANG_WARN_OBJC_IMPLICIT_RETAIN_SELF = YES;
				CLANG_WARN_OBJC_LITERAL_CONVERSION = YES;
				CLANG_WARN_OBJC_ROOT_CLASS = YES_ERROR;
				CLANG_WARN_RANGE_LOOP_ANALYSIS = YES;
				CLANG_WARN_STRICT_PROTOTYPES = YES;
				CLANG_WARN_SUSPICIOUS_MOVE = YES;
				CLANG_WARN_UNGUARDED_AVAILABILITY = YES_AGGRESSIVE;
				CLANG_WARN_UNREACHABLE_CODE = YES;
				CLANG_WARN__DUPLICATE_METHOD_MATCH = YES;
				COPY_PHASE_STRIP = NO;
				DEBUG_INFORMATION_FORMAT = dwarf;
				ENABLE_STRICT_OBJC_MSGSEND = YES;
				ENABLE_TESTABILITY = YES;
				GCC_C_LANGUAGE_STANDARD = gnu11;
				GCC_DYNAMIC_NO_PIC = NO;
				GCC_NO_COMMON_BLOCKS = YES;
				GCC_OPTIMIZATION_LEVEL = 0;
				GCC_PREPROCESSOR_DEFINITIONS = (
					"DEBUG=1",
					"$(inherited)",
				);
				GCC_WARN_64_TO_32_BIT_CONVERSION = YES;
				GCC_WARN_ABOUT_RETURN_TYPE = YES_ERROR;
				GCC_WARN_UNDECLARED_SELECTOR = YES;
				GCC_WARN_UNINITIALIZED_AUTOS = YES_AGGRESSIVE;
				GCC_WARN_UNUSED_FUNCTION = YES;
				GCC_WARN_UNUSED_VARIABLE = YES;
				IPHONEOS_DEPLOYMENT_TARGET = 13.2;
				MTL_ENABLE_DEBUG_INFO = INCLUDE_SOURCE;
				MTL_FAST_MATH = YES;
				ONLY_ACTIVE_ARCH = YES;
				SDKROOT = iphoneos;
				SWIFT_ACTIVE_COMPILATION_CONDITIONS = DEBUG;
				SWIFT_OPTIMIZATION_LEVEL = "-Onone";
			};
			name = Debug;
		};
		8C55D122240B0DE4002B9A39 /* Release */ = {
			isa = XCBuildConfiguration;
			buildSettings = {
				ALWAYS_SEARCH_USER_PATHS = NO;
				CLANG_ANALYZER_NONNULL = YES;
				CLANG_ANALYZER_NUMBER_OBJECT_CONVERSION = YES_AGGRESSIVE;
				CLANG_CXX_LANGUAGE_STANDARD = "gnu++14";
				CLANG_CXX_LIBRARY = "libc++";
				CLANG_ENABLE_MODULES = YES;
				CLANG_ENABLE_OBJC_ARC = YES;
				CLANG_ENABLE_OBJC_WEAK = YES;
				CLANG_WARN_BLOCK_CAPTURE_AUTORELEASING = YES;
				CLANG_WARN_BOOL_CONVERSION = YES;
				CLANG_WARN_COMMA = YES;
				CLANG_WARN_CONSTANT_CONVERSION = YES;
				CLANG_WARN_DEPRECATED_OBJC_IMPLEMENTATIONS = YES;
				CLANG_WARN_DIRECT_OBJC_ISA_USAGE = YES_ERROR;
				CLANG_WARN_DOCUMENTATION_COMMENTS = YES;
				CLANG_WARN_EMPTY_BODY = YES;
				CLANG_WARN_ENUM_CONVERSION = YES;
				CLANG_WARN_INFINITE_RECURSION = YES;
				CLANG_WARN_INT_CONVERSION = YES;
				CLANG_WARN_NON_LITERAL_NULL_CONVERSION = YES;
				CLANG_WARN_OBJC_IMPLICIT_RETAIN_SELF = YES;
				CLANG_WARN_OBJC_LITERAL_CONVERSION = YES;
				CLANG_WARN_OBJC_ROOT_CLASS = YES_ERROR;
				CLANG_WARN_RANGE_LOOP_ANALYSIS = YES;
				CLANG_WARN_STRICT_PROTOTYPES = YES;
				CLANG_WARN_SUSPICIOUS_MOVE = YES;
				CLANG_WARN_UNGUARDED_AVAILABILITY = YES_AGGRESSIVE;
				CLANG_WARN_UNREACHABLE_CODE = YES;
				CLANG_WARN__DUPLICATE_METHOD_MATCH = YES;
				COPY_PHASE_STRIP = NO;
				DEBUG_INFORMATION_FORMAT = "dwarf-with-dsym";
				ENABLE_NS_ASSERTIONS = NO;
				ENABLE_STRICT_OBJC_MSGSEND = YES;
				GCC_C_LANGUAGE_STANDARD = gnu11;
				GCC_NO_COMMON_BLOCKS = YES;
				GCC_WARN_64_TO_32_BIT_CONVERSION = YES;
				GCC_WARN_ABOUT_RETURN_TYPE = YES_ERROR;
				GCC_WARN_UNDECLARED_SELECTOR = YES;
				GCC_WARN_UNINITIALIZED_AUTOS = YES_AGGRESSIVE;
				GCC_WARN_UNUSED_FUNCTION = YES;
				GCC_WARN_UNUSED_VARIABLE = YES;
				IPHONEOS_DEPLOYMENT_TARGET = 13.2;
				MTL_ENABLE_DEBUG_INFO = NO;
				MTL_FAST_MATH = YES;
				SDKROOT = iphoneos;
				SWIFT_COMPILATION_MODE = wholemodule;
				SWIFT_OPTIMIZATION_LEVEL = "-O";
				VALIDATE_PRODUCT = YES;
			};
			name = Release;
		};
		8C55D124240B0DE4002B9A39 /* Debug */ = {
			isa = XCBuildConfiguration;
			buildSettings = {
				ASSETCATALOG_COMPILER_APPICON_NAME = AppIcon;
				CODE_SIGN_STYLE = Automatic;
				DEVELOPMENT_TEAM = 3JVSXR75A5;
				INFOPLIST_FILE = UberClone/Info.plist;
				LD_RUNPATH_SEARCH_PATHS = (
					"$(inherited)",
					"@executable_path/Frameworks",
				);
				PRODUCT_BUNDLE_IDENTIFIER = com.garofalo.UberClone;
				PRODUCT_NAME = "$(TARGET_NAME)";
				SWIFT_VERSION = 5.0;
				TARGETED_DEVICE_FAMILY = "1,2";
			};
			name = Debug;
		};
		8C55D125240B0DE4002B9A39 /* Release */ = {
			isa = XCBuildConfiguration;
			buildSettings = {
				ASSETCATALOG_COMPILER_APPICON_NAME = AppIcon;
				CODE_SIGN_STYLE = Automatic;
				DEVELOPMENT_TEAM = 3JVSXR75A5;
				INFOPLIST_FILE = UberClone/Info.plist;
				LD_RUNPATH_SEARCH_PATHS = (
					"$(inherited)",
					"@executable_path/Frameworks",
				);
				PRODUCT_BUNDLE_IDENTIFIER = com.garofalo.UberClone;
				PRODUCT_NAME = "$(TARGET_NAME)";
				SWIFT_VERSION = 5.0;
				TARGETED_DEVICE_FAMILY = "1,2";
			};
			name = Release;
		};
/* End XCBuildConfiguration section */

/* Begin XCConfigurationList section */
		8C55D10A240B0DE3002B9A39 /* Build configuration list for PBXProject "UberClone" */ = {
			isa = XCConfigurationList;
			buildConfigurations = (
				8C55D121240B0DE4002B9A39 /* Debug */,
				8C55D122240B0DE4002B9A39 /* Release */,
			);
			defaultConfigurationIsVisible = 0;
			defaultConfigurationName = Release;
		};
		8C55D123240B0DE4002B9A39 /* Build configuration list for PBXNativeTarget "UberClone" */ = {
			isa = XCConfigurationList;
			buildConfigurations = (
				8C55D124240B0DE4002B9A39 /* Debug */,
				8C55D125240B0DE4002B9A39 /* Release */,
			);
			defaultConfigurationIsVisible = 0;
			defaultConfigurationName = Release;
		};
/* End XCConfigurationList section */
	};
	rootObject = 8C55D107240B0DE3002B9A39 /* Project object */;
}
